{
  "version": 4,
  "terraform_version": "1.4.6",
  "serial": 1135,
  "lineage": "90aea20a-6bbb-7376-ee10-a60f4a34d851",
  "outputs": {},
  "resources": [
    {
      "mode": "managed",
      "type": "yandex_iam_service_account",
      "name": "docker",
      "provider": "provider[\"registry.terraform.io/yandex-cloud/yandex\"]",
      "instances": [
        {
          "schema_version": 0,
          "attributes": {
            "created_at": "2023-07-23T07:51:37Z",
            "description": "service account to use container registry",
            "folder_id": "b1gihe3c3dtgcd7sbvlk",
            "id": "ajechfujk4f3os985k13",
            "name": "docker",
            "timeouts": null
          },
          "sensitive_attributes": [],
          "private": "eyJlMmJmYjczMC1lY2FhLTExZTYtOGY4OC0zNDM2M2JjN2M0YzAiOnsiY3JlYXRlIjo2MDAwMDAwMDAwMCwiZGVsZXRlIjo2MDAwMDAwMDAwMCwidXBkYXRlIjo2MDAwMDAwMDAwMH19"
        }
      ]
    },
    {
      "mode": "managed",
      "type": "yandex_iam_service_account",
      "name": "instances",
      "provider": "provider[\"registry.terraform.io/yandex-cloud/yandex\"]",
      "instances": [
        {
          "schema_version": 0,
          "attributes": {
            "created_at": "2023-07-23T07:51:39Z",
            "description": "service account to manage VMs",
            "folder_id": "b1gihe3c3dtgcd7sbvlk",
            "id": "ajem1o08eakums2dmnkk",
            "name": "instances",
            "timeouts": null
          },
          "sensitive_attributes": [],
          "private": "eyJlMmJmYjczMC1lY2FhLTExZTYtOGY4OC0zNDM2M2JjN2M0YzAiOnsiY3JlYXRlIjo2MDAwMDAwMDAwMCwiZGVsZXRlIjo2MDAwMDAwMDAwMCwidXBkYXRlIjo2MDAwMDAwMDAwMH19"
        }
      ]
    },
    {
      "mode": "managed",
      "type": "yandex_kubernetes_cluster",
      "name": "kub-test",
      "provider": "provider[\"registry.terraform.io/yandex-cloud/yandex\"]",
      "instances": [
        {
          "schema_version": 0,
          "attributes": {
            "cluster_ipv4_range": "10.112.0.0/16",
            "cluster_ipv6_range": "",
            "created_at": "2023-07-23T07:51:41Z",
            "description": "",
            "folder_id": "b1gihe3c3dtgcd7sbvlk",
            "health": "healthy",
            "id": "cat2ar97d0qc030jcj6s",
            "kms_provider": [],
            "labels": {},
            "log_group_id": "",
            "master": [
              {
                "cluster_ca_certificate": "-----BEGIN CERTIFICATE-----\nMIIC5zCCAc+gAwIBAgIBADANBgkqhkiG9w0BAQsFADAVMRMwEQYDVQQDEwprdWJl\ncm5ldGVzMB4XDTIzMDcyMzA3NTE0M1oXDTMzMDcyMDA3NTE0M1owFTETMBEGA1UE\nAxMKa3ViZXJuZXRlczCCASIwDQYJKoZIhvcNAQEBBQADggEPADCCAQoCggEBAM+b\ngqJcjXBWZ4q4RoFGLCt66MNSb3s7amv0N9oOi+rM99/jYBVp7o85/TzBcxsr6ffm\ny/TXecpHPGg6LMojtbMMM/LKa7PphUwv3qEBD8DbqySqb4yXEphTJvjLr+sDOXur\n6rRLZDnqyAAPeBX1e/NuQzgDLurupsfAz2I/OiXCNDdiIbO9YnIfwlreUnxdtefh\nrSe6l4fuO6cbFuLS3IGITmWs3LI9nBL2NoVHRz8ele3d09axGEJZ33dJz4mEfKd8\nK8qlab2YT7vuZRCxEOzRNhQfa+RoE4UVzqJBe5m0EvtowxwZlDB3VinMuJZeCX8N\nYp+xll3T3r37Nlw8ei0CAwEAAaNCMEAwDgYDVR0PAQH/BAQDAgKkMA8GA1UdEwEB\n/wQFMAMBAf8wHQYDVR0OBBYEFAkEcGexvUYfjg4Upy90bsNwVjezMA0GCSqGSIb3\nDQEBCwUAA4IBAQC/LKZhF2XiRqbF3jzv7xAC1fu63mfyKMv5amKxHDbLO/QpOO0p\npmhL2/hKrpMKOktplQSGJPWodf4fQZPTsW/tcDQGCl03YaHMfOg7r+Kcs8SaPE1H\n61f9j1gKtROo66RUN11JFXHPcetArTHnChYjXjOXOudZISjd0SljcHQ0TDKqbHPN\nNsRGnZg9YcgPaA7QbkifmaCzCDQ30Z4ZlfmLH8S0P7x+gWa+lDtFX0x9VyU5sS/i\n3qqVqknQ7aZiL9h3UNyX6VbKjiCOWgMy9zc3RQq0ndyg5Ot96BFMnMVSernOCA9r\nQm9NdWlaRBU2fDaqcVpogQK61WG4V8HmgNRD\n-----END CERTIFICATE-----\n",
                "external_v4_address": "158.160.98.203",
                "external_v4_endpoint": "https://158.160.98.203",
                "external_v6_address": "",
                "external_v6_endpoint": "",
                "internal_v4_address": "10.200.0.4",
                "internal_v4_endpoint": "https://10.200.0.4",
                "maintenance_policy": [
                  {
                    "auto_upgrade": true,
                    "maintenance_window": []
                  }
                ],
                "master_logging": [],
                "public_ip": true,
                "regional": [
                  {
                    "location": [
                      {
                        "subnet_id": "e9bua661do9v8mnht04b",
                        "zone": "ru-central1-a"
                      },
                      {
                        "subnet_id": "e2lqigb8ruafnbbdttag",
                        "zone": "ru-central1-b"
                      },
                      {
                        "subnet_id": "b0cvieqmn6ibhaneu3em",
                        "zone": "ru-central1-c"
                      }
                    ],
                    "region": "ru-central1"
                  }
                ],
                "security_group_ids": null,
                "version": "1.23",
                "version_info": [
                  {
                    "current_version": "1.23",
                    "new_revision_available": false,
                    "new_revision_summary": "",
                    "version_deprecated": false
                  }
                ],
                "zonal": []
              }
            ],
            "name": "kub-test",
            "network_id": "enpr1tetoin75h0egheh",
            "network_implementation": [],
            "network_policy_provider": null,
            "node_ipv4_cidr_mask_size": 24,
            "node_service_account_id": "ajechfujk4f3os985k13",
            "release_channel": "RAPID",
            "service_account_id": "ajem1o08eakums2dmnkk",
            "service_ipv4_range": "10.96.0.0/16",
            "service_ipv6_range": "",
            "status": "running",
            "timeouts": null
          },
          "sensitive_attributes": [],
          "private": "eyJlMmJmYjczMC1lY2FhLTExZTYtOGY4OC0zNDM2M2JjN2M0YzAiOnsiY3JlYXRlIjoxODAwMDAwMDAwMDAwLCJkZWxldGUiOjEyMDAwMDAwMDAwMDAsInJlYWQiOjMwMDAwMDAwMDAwMCwidXBkYXRlIjoxODAwMDAwMDAwMDAwfX0=",
          "dependencies": [
            "yandex_iam_service_account.docker",
            "yandex_iam_service_account.instances",
            "yandex_vpc_network.internal",
            "yandex_vpc_subnet.internal-a",
            "yandex_vpc_subnet.internal-b",
            "yandex_vpc_subnet.internal-c"
          ]
        }
      ]
    },
    {
      "mode": "managed",
      "type": "yandex_kubernetes_node_group",
      "name": "test-group-auto",
      "provider": "provider[\"registry.terraform.io/yandex-cloud/yandex\"]",
      "instances": [
        {
          "schema_version": 0,
          "attributes": {
            "allocation_policy": [
              {
                "location": [
                  {
                    "subnet_id": "e9bua661do9v8mnht04b",
                    "zone": "ru-central1-a"
                  }
                ]
              }
            ],
            "allowed_unsafe_sysctls": null,
            "cluster_id": "cat2ar97d0qc030jcj6s",
            "created_at": "2023-07-23T07:56:51Z",
            "deploy_policy": [
              {
                "max_expansion": 3,
                "max_unavailable": 0
              }
            ],
            "description": "",
            "id": "catncuiilcunst673sl2",
            "instance_group_id": "cl11blv9poet0pvnsi9v",
            "instance_template": [
              {
                "boot_disk": [
                  {
                    "size": 64,
                    "type": "network-hdd"
                  }
                ],
                "container_network": [
                  {
                    "pod_mtu": 0
                  }
                ],
                "container_runtime": [],
                "labels": null,
                "metadata": {},
                "name": "",
                "nat": false,
                "network_acceleration_type": "type_unspecified",
                "network_interface": [
                  {
                    "ipv4": true,
                    "ipv4_dns_records": [],
                    "ipv6": false,
                    "ipv6_dns_records": [],
                    "nat": false,
                    "security_group_ids": [],
                    "subnet_ids": [
                      "e9bua661do9v8mnht04b"
                    ]
                  }
                ],
                "placement_policy": [],
                "platform_id": "standard-v2",
                "resources": [
                  {
                    "core_fraction": 50,
                    "cores": 2,
                    "gpus": 0,
                    "memory": 2
                  }
                ],
                "scheduling_policy": [
                  {
                    "preemptible": false
                  }
                ]
              }
            ],
            "labels": {},
            "maintenance_policy": [
              {
                "auto_repair": true,
                "auto_upgrade": false,
                "maintenance_window": []
              }
            ],
            "name": "test-group-auto",
            "node_labels": null,
            "node_taints": null,
            "scale_policy": [
              {
                "auto_scale": [
                  {
                    "initial": 3,
                    "max": 4,
                    "min": 2
                  }
                ],
                "fixed_scale": []
              }
            ],
            "status": "running",
            "timeouts": null,
            "version": "1.23",
            "version_info": [
              {
                "current_version": "1.23",
                "new_revision_available": false,
                "new_revision_summary": "",
                "version_deprecated": false
              }
            ]
          },
          "sensitive_attributes": [],
          "private": "eyJlMmJmYjczMC1lY2FhLTExZTYtOGY4OC0zNDM2M2JjN2M0YzAiOnsiY3JlYXRlIjozNjAwMDAwMDAwMDAwLCJkZWxldGUiOjEyMDAwMDAwMDAwMDAsInJlYWQiOjYwMDAwMDAwMDAwMCwidXBkYXRlIjozNjAwMDAwMDAwMDAwfX0=",
          "dependencies": [
            "yandex_iam_service_account.docker",
            "yandex_iam_service_account.instances",
            "yandex_kubernetes_cluster.kub-test",
            "yandex_vpc_network.internal",
            "yandex_vpc_subnet.internal-a",
            "yandex_vpc_subnet.internal-b",
            "yandex_vpc_subnet.internal-c"
          ]
        }
      ]
    },
    {
      "mode": "managed",
      "type": "yandex_resourcemanager_folder_iam_binding",
      "name": "editor",
      "provider": "provider[\"registry.terraform.io/yandex-cloud/yandex\"]",
      "instances": [
        {
          "schema_version": 0,
          "attributes": {
            "folder_id": "b1gihe3c3dtgcd7sbvlk",
            "id": "b1gihe3c3dtgcd7sbvlk/editor",
            "members": [
              "serviceAccount:ajem1o08eakums2dmnkk"
            ],
            "role": "editor",
            "sleep_after": null,
            "timeouts": null
          },
          "sensitive_attributes": [],
          "private": "eyJlMmJmYjczMC1lY2FhLTExZTYtOGY4OC0zNDM2M2JjN2M0YzAiOnsiY3JlYXRlIjo2MDAwMDAwMDAwMCwiZGVmYXVsdCI6NjAwMDAwMDAwMDAsImRlbGV0ZSI6NjAwMDAwMDAwMDAsInJlYWQiOjYwMDAwMDAwMDAwLCJ1cGRhdGUiOjYwMDAwMDAwMDAwfX0=",
          "dependencies": [
            "yandex_iam_service_account.instances"
          ]
        }
      ]
    },
    {
      "mode": "managed",
      "type": "yandex_resourcemanager_folder_iam_binding",
      "name": "pusher",
      "provider": "provider[\"registry.terraform.io/yandex-cloud/yandex\"]",
      "instances": [
        {
          "schema_version": 0,
          "attributes": {
            "folder_id": "b1gihe3c3dtgcd7sbvlk",
            "id": "b1gihe3c3dtgcd7sbvlk/container-registry.images.pusher",
            "members": [
              "serviceAccount:ajechfujk4f3os985k13"
            ],
            "role": "container-registry.images.pusher",
            "sleep_after": null,
            "timeouts": null
          },
          "sensitive_attributes": [],
          "private": "eyJlMmJmYjczMC1lY2FhLTExZTYtOGY4OC0zNDM2M2JjN2M0YzAiOnsiY3JlYXRlIjo2MDAwMDAwMDAwMCwiZGVmYXVsdCI6NjAwMDAwMDAwMDAsImRlbGV0ZSI6NjAwMDAwMDAwMDAsInJlYWQiOjYwMDAwMDAwMDAwLCJ1cGRhdGUiOjYwMDAwMDAwMDAwfX0=",
          "dependencies": [
            "yandex_iam_service_account.docker"
          ]
        }
      ]
    },
    {
      "mode": "managed",
      "type": "yandex_vpc_network",
      "name": "internal",
      "provider": "provider[\"registry.terraform.io/yandex-cloud/yandex\"]",
      "instances": [
        {
          "schema_version": 0,
          "attributes": {
            "created_at": "2023-07-23T07:51:36Z",
            "default_security_group_id": "",
            "description": "",
            "folder_id": "b1gihe3c3dtgcd7sbvlk",
            "id": "enpr1tetoin75h0egheh",
            "labels": {},
            "name": "internal",
            "subnet_ids": [],
            "timeouts": null
          },
          "sensitive_attributes": [],
          "private": "eyJlMmJmYjczMC1lY2FhLTExZTYtOGY4OC0zNDM2M2JjN2M0YzAiOnsiY3JlYXRlIjo2MDAwMDAwMDAwMCwiZGVsZXRlIjo2MDAwMDAwMDAwMCwidXBkYXRlIjo2MDAwMDAwMDAwMH19"
        }
      ]
    },
    {
      "mode": "managed",
      "type": "yandex_vpc_subnet",
      "name": "internal-a",
      "provider": "provider[\"registry.terraform.io/yandex-cloud/yandex\"]",
      "instances": [
        {
          "schema_version": 0,
          "attributes": {
            "created_at": "2023-07-23T07:51:39Z",
            "description": "",
            "dhcp_options": [],
            "folder_id": "b1gihe3c3dtgcd7sbvlk",
            "id": "e9bua661do9v8mnht04b",
            "labels": {},
            "name": "internal-a",
            "network_id": "enpr1tetoin75h0egheh",
            "route_table_id": "",
            "timeouts": null,
            "v4_cidr_blocks": [
              "10.200.0.0/16"
            ],
            "v6_cidr_blocks": [],
            "zone": "ru-central1-a"
          },
          "sensitive_attributes": [],
          "private": "eyJlMmJmYjczMC1lY2FhLTExZTYtOGY4OC0zNDM2M2JjN2M0YzAiOnsiY3JlYXRlIjoxODAwMDAwMDAwMDAsImRlbGV0ZSI6MTgwMDAwMDAwMDAwLCJ1cGRhdGUiOjE4MDAwMDAwMDAwMH19",
          "dependencies": [
            "yandex_vpc_network.internal"
          ]
        }
      ]
    },
    {
      "mode": "managed",
      "type": "yandex_vpc_subnet",
      "name": "internal-b",
      "provider": "provider[\"registry.terraform.io/yandex-cloud/yandex\"]",
      "instances": [
        {
          "schema_version": 0,
          "attributes": {
            "created_at": "2023-07-23T07:51:38Z",
            "description": "",
            "dhcp_options": [],
            "folder_id": "b1gihe3c3dtgcd7sbvlk",
            "id": "e2lqigb8ruafnbbdttag",
            "labels": {},
            "name": "internal-b",
            "network_id": "enpr1tetoin75h0egheh",
            "route_table_id": "",
            "timeouts": null,
            "v4_cidr_blocks": [
              "10.201.0.0/16"
            ],
            "v6_cidr_blocks": [],
            "zone": "ru-central1-b"
          },
          "sensitive_attributes": [],
          "private": "eyJlMmJmYjczMC1lY2FhLTExZTYtOGY4OC0zNDM2M2JjN2M0YzAiOnsiY3JlYXRlIjoxODAwMDAwMDAwMDAsImRlbGV0ZSI6MTgwMDAwMDAwMDAwLCJ1cGRhdGUiOjE4MDAwMDAwMDAwMH19",
          "dependencies": [
            "yandex_vpc_network.internal"
          ]
        }
      ]
    },
    {
      "mode": "managed",
      "type": "yandex_vpc_subnet",
      "name": "internal-c",
      "provider": "provider[\"registry.terraform.io/yandex-cloud/yandex\"]",
      "instances": [
        {
          "schema_version": 0,
          "attributes": {
            "created_at": "2023-07-23T07:51:39Z",
            "description": "",
            "dhcp_options": [],
            "folder_id": "b1gihe3c3dtgcd7sbvlk",
            "id": "b0cvieqmn6ibhaneu3em",
            "labels": {},
            "name": "internal-c",
            "network_id": "enpr1tetoin75h0egheh",
            "route_table_id": "",
            "timeouts": null,
            "v4_cidr_blocks": [
              "10.202.0.0/16"
            ],
            "v6_cidr_blocks": [],
            "zone": "ru-central1-c"
          },
          "sensitive_attributes": [],
          "private": "eyJlMmJmYjczMC1lY2FhLTExZTYtOGY4OC0zNDM2M2JjN2M0YzAiOnsiY3JlYXRlIjoxODAwMDAwMDAwMDAsImRlbGV0ZSI6MTgwMDAwMDAwMDAwLCJ1cGRhdGUiOjE4MDAwMDAwMDAwMH19",
          "dependencies": [
            "yandex_vpc_network.internal"
          ]
        }
      ]
    }
  ],
  "check_results": null
}
